
Microsoft Visual Studio Solution File, Format Version 12.00
Project("{FAE04EC0-301F-11D3-BF4B-00C04F79EFBC}") = "ImpactMeasurementAPI", "ImpactMeasurementAPI\ImpactMeasurementAPI.csproj", "{FF1AAEF9-F64B-41C1-AEAD-240D060088B5}"
EndProject
Project("{FAE04EC0-301F-11D3-BF4B-00C04F79EFBC}") = "TestProject.UnitTests", "TestProject.UnitTests\TestProject.UnitTests.csproj", "{A4AFF0F9-79CE-44AA-8EDD-F5F7BBC01478}"
EndProject
Global
	GlobalSection(SolutionConfigurationPlatforms) = preSolution
		Debug|Any CPU = Debug|Any CPU
		Release|Any CPU = Release|Any CPU
	EndGlobalSection
	GlobalSection(ProjectConfigurationPlatforms) = postSolution
		{FF1AAEF9-F64B-41C1-AEAD-240D060088B5}.Debug|Any CPU.ActiveCfg = Debug|Any CPU
		{FF1AAEF9-F64B-41C1-AEAD-240D060088B5}.Debug|Any CPU.Build.0 = Debug|Any CPU
		{FF1AAEF9-F64B-41C1-AEAD-240D060088B5}.Release|Any CPU.ActiveCfg = Release|Any CPU
		{FF1AAEF9-F64B-41C1-AEAD-240D060088B5}.Release|Any CPU.Build.0 = Release|Any CPU
		{A4AFF0F9-79CE-44AA-8EDD-F5F7BBC01478}.Debug|Any CPU.ActiveCfg = Debug|Any CPU
		{A4AFF0F9-79CE-44AA-8EDD-F5F7BBC01478}.Debug|Any CPU.Build.0 = Debug|Any CPU
		{A4AFF0F9-79CE-44AA-8EDD-F5F7BBC01478}.Release|Any CPU.ActiveCfg = Release|Any CPU
		{A4AFF0F9-79CE-44AA-8EDD-F5F7BBC01478}.Release|Any CPU.Build.0 = Release|Any CPU
	EndGlobalSection
EndGlobal
